// !$*UTF8*$!
{
	archiveVersion = 1;
	classes = {
	};
	objectVersion = 55;
	objects = {

/* Begin PBXBuildFile section */
		FA01322F2847CD5400BC7392 /* RepsWorkoutViewController.swift in Sources */ = {isa = PBXBuildFile; fileRef = FA01322E2847CD5400BC7392 /* RepsWorkoutViewController.swift */; };
		FA0132312847CE3700BC7392 /* TimerWorkoutViewController.swift in Sources */ = {isa = PBXBuildFile; fileRef = FA0132302847CE3700BC7392 /* TimerWorkoutViewController.swift */; };
		FA0132352847CF9300BC7392 /* WorkoutParametersView.swift in Sources */ = {isa = PBXBuildFile; fileRef = FA0132342847CF9300BC7392 /* WorkoutParametersView.swift */; };
		FA0132372847CFC300BC7392 /* TimerWorkoutParametersView.swift in Sources */ = {isa = PBXBuildFile; fileRef = FA0132362847CFC300BC7392 /* TimerWorkoutParametersView.swift */; };
		FA4993D22840FC0E00EAC574 /* AppDelegate.swift in Sources */ = {isa = PBXBuildFile; fileRef = FA4993D12840FC0E00EAC574 /* AppDelegate.swift */; };
		FA4993D42840FC0E00EAC574 /* SceneDelegate.swift in Sources */ = {isa = PBXBuildFile; fileRef = FA4993D32840FC0E00EAC574 /* SceneDelegate.swift */; };
		FA4993D62840FC0E00EAC574 /* MainViewController.swift in Sources */ = {isa = PBXBuildFile; fileRef = FA4993D52840FC0E00EAC574 /* MainViewController.swift */; };
		FA4993DB2840FC1100EAC574 /* Assets.xcassets in Resources */ = {isa = PBXBuildFile; fileRef = FA4993DA2840FC1100EAC574 /* Assets.xcassets */; };
		FA4993DE2840FC1100EAC574 /* LaunchScreen.storyboard in Resources */ = {isa = PBXBuildFile; fileRef = FA4993DC2840FC1100EAC574 /* LaunchScreen.storyboard */; };
		FA4993EC2841062A00EAC574 /* CalendarView.swift in Sources */ = {isa = PBXBuildFile; fileRef = FA4993EB2841062A00EAC574 /* CalendarView.swift */; };
		FA4993EE28411C2300EAC574 /* WeatherView.swift in Sources */ = {isa = PBXBuildFile; fileRef = FA4993ED28411C2300EAC574 /* WeatherView.swift */; };
		FA5BD8FB28438C9600BCB89C /* WorkoutTableViewCell.swift in Sources */ = {isa = PBXBuildFile; fileRef = FA5BD8FA28438C9600BCB89C /* WorkoutTableViewCell.swift */; };
		FA5BD8FD284394A100BCB89C /* UIStackView + Extensions.swift in Sources */ = {isa = PBXBuildFile; fileRef = FA5BD8FC284394A100BCB89C /* UIStackView + Extensions.swift */; };
		FA5BD8FF28439E7300BCB89C /* StatisticsViewController.swift in Sources */ = {isa = PBXBuildFile; fileRef = FA5BD8FE28439E7300BCB89C /* StatisticsViewController.swift */; };
		FA5BD9032843A4DE00BCB89C /* StatisticTableViewCell.swift in Sources */ = {isa = PBXBuildFile; fileRef = FA5BD9022843A4DE00BCB89C /* StatisticTableViewCell.swift */; };
		FA5BD9052843BABA00BCB89C /* UILabel + Extensions.swift in Sources */ = {isa = PBXBuildFile; fileRef = FA5BD9042843BABA00BCB89C /* UILabel + Extensions.swift */; };
		FA7D99FD2842D0E50051C6C2 /* Roboto-Medium.ttf in Resources */ = {isa = PBXBuildFile; fileRef = FA7D99FB2842D0E50051C6C2 /* Roboto-Medium.ttf */; };
		FA7D99FE2842D0E50051C6C2 /* Roboto-Bold.ttf in Resources */ = {isa = PBXBuildFile; fileRef = FA7D99FC2842D0E50051C6C2 /* Roboto-Bold.ttf */; };
		FA7D9A002842D2430051C6C2 /* UIView + Extensions.swift in Sources */ = {isa = PBXBuildFile; fileRef = FA7D99FF2842D2430051C6C2 /* UIView + Extensions.swift */; };
		FA7D9A022842D3A60051C6C2 /* UIColor + Extensions.swift in Sources */ = {isa = PBXBuildFile; fileRef = FA7D9A012842D3A60051C6C2 /* UIColor + Extensions.swift */; };
		FA7D9A062842D4E30051C6C2 /* UIFont + Extensions.swift in Sources */ = {isa = PBXBuildFile; fileRef = FA7D9A052842D4E30051C6C2 /* UIFont + Extensions.swift */; };
		FA7D9A092842DEE50051C6C2 /* CalendarCollectionViewCell.swift in Sources */ = {isa = PBXBuildFile; fileRef = FA7D9A082842DEE50051C6C2 /* CalendarCollectionViewCell.swift */; };
		FA7FCA592846023D00CEDEA6 /* Realm in Frameworks */ = {isa = PBXBuildFile; productRef = FA7FCA582846023D00CEDEA6 /* Realm */; };
		FA7FCA5B2846023D00CEDEA6 /* RealmSwift in Frameworks */ = {isa = PBXBuildFile; productRef = FA7FCA5A2846023D00CEDEA6 /* RealmSwift */; };
		FA7FCA5D2846155500CEDEA6 /* WorkoutModel.swift in Sources */ = {isa = PBXBuildFile; fileRef = FA7FCA5C2846155500CEDEA6 /* WorkoutModel.swift */; };
		FA7FCA602846348900CEDEA6 /* RealmManager.swift in Sources */ = {isa = PBXBuildFile; fileRef = FA7FCA5F2846348900CEDEA6 /* RealmManager.swift */; };
		FA7FCA622847599300CEDEA6 /* Date + Extensions.swift in Sources */ = {isa = PBXBuildFile; fileRef = FA7FCA612847599300CEDEA6 /* Date + Extensions.swift */; };
		FA9CE86B28446F7600777275 /* MainTabBarController.swift in Sources */ = {isa = PBXBuildFile; fileRef = FA9CE86A28446F7600777275 /* MainTabBarController.swift */; };
		FA9CE86F284474DA00777275 /* ProfileViewController.swift in Sources */ = {isa = PBXBuildFile; fileRef = FA9CE86E284474DA00777275 /* ProfileViewController.swift */; };
		FA9CE8712844764300777275 /* NewWorkoutViewController.swift in Sources */ = {isa = PBXBuildFile; fileRef = FA9CE8702844764300777275 /* NewWorkoutViewController.swift */; };
		FA9CE8762845B96A00777275 /* DateAndRepeatView.swift in Sources */ = {isa = PBXBuildFile; fileRef = FA9CE8752845B96A00777275 /* DateAndRepeatView.swift */; };
		FA9CE8782845B98900777275 /* RepsOrTimerView.swift in Sources */ = {isa = PBXBuildFile; fileRef = FA9CE8772845B98900777275 /* RepsOrTimerView.swift */; };
/* End PBXBuildFile section */

/* Begin PBXFileReference section */
		FA01322E2847CD5400BC7392 /* RepsWorkoutViewController.swift */ = {isa = PBXFileReference; lastKnownFileType = sourcecode.swift; path = RepsWorkoutViewController.swift; sourceTree = "<group>"; };
		FA0132302847CE3700BC7392 /* TimerWorkoutViewController.swift */ = {isa = PBXFileReference; lastKnownFileType = sourcecode.swift; path = TimerWorkoutViewController.swift; sourceTree = "<group>"; };
		FA0132342847CF9300BC7392 /* WorkoutParametersView.swift */ = {isa = PBXFileReference; lastKnownFileType = sourcecode.swift; path = WorkoutParametersView.swift; sourceTree = "<group>"; };
		FA0132362847CFC300BC7392 /* TimerWorkoutParametersView.swift */ = {isa = PBXFileReference; lastKnownFileType = sourcecode.swift; path = TimerWorkoutParametersView.swift; sourceTree = "<group>"; };
		FA4993CE2840FC0D00EAC574 /* FirstApp.app */ = {isa = PBXFileReference; explicitFileType = wrapper.application; includeInIndex = 0; path = FirstApp.app; sourceTree = BUILT_PRODUCTS_DIR; };
		FA4993D12840FC0E00EAC574 /* AppDelegate.swift */ = {isa = PBXFileReference; lastKnownFileType = sourcecode.swift; path = AppDelegate.swift; sourceTree = "<group>"; };
		FA4993D32840FC0E00EAC574 /* SceneDelegate.swift */ = {isa = PBXFileReference; lastKnownFileType = sourcecode.swift; path = SceneDelegate.swift; sourceTree = "<group>"; };
		FA4993D52840FC0E00EAC574 /* MainViewController.swift */ = {isa = PBXFileReference; lastKnownFileType = sourcecode.swift; path = MainViewController.swift; sourceTree = "<group>"; };
		FA4993DA2840FC1100EAC574 /* Assets.xcassets */ = {isa = PBXFileReference; lastKnownFileType = folder.assetcatalog; path = Assets.xcassets; sourceTree = "<group>"; };
		FA4993DD2840FC1100EAC574 /* Base */ = {isa = PBXFileReference; lastKnownFileType = file.storyboard; name = Base; path = Base.lproj/LaunchScreen.storyboard; sourceTree = "<group>"; };
		FA4993DF2840FC1100EAC574 /* Info.plist */ = {isa = PBXFileReference; lastKnownFileType = text.plist.xml; path = Info.plist; sourceTree = "<group>"; };
		FA4993EB2841062A00EAC574 /* CalendarView.swift */ = {isa = PBXFileReference; lastKnownFileType = sourcecode.swift; path = CalendarView.swift; sourceTree = "<group>"; };
		FA4993ED28411C2300EAC574 /* WeatherView.swift */ = {isa = PBXFileReference; lastKnownFileType = sourcecode.swift; path = WeatherView.swift; sourceTree = "<group>"; };
		FA5BD8FA28438C9600BCB89C /* WorkoutTableViewCell.swift */ = {isa = PBXFileReference; lastKnownFileType = sourcecode.swift; path = WorkoutTableViewCell.swift; sourceTree = "<group>"; };
		FA5BD8FC284394A100BCB89C /* UIStackView + Extensions.swift */ = {isa = PBXFileReference; lastKnownFileType = sourcecode.swift; path = "UIStackView + Extensions.swift"; sourceTree = "<group>"; };
		FA5BD8FE28439E7300BCB89C /* StatisticsViewController.swift */ = {isa = PBXFileReference; lastKnownFileType = sourcecode.swift; path = StatisticsViewController.swift; sourceTree = "<group>"; };
		FA5BD9022843A4DE00BCB89C /* StatisticTableViewCell.swift */ = {isa = PBXFileReference; lastKnownFileType = sourcecode.swift; path = StatisticTableViewCell.swift; sourceTree = "<group>"; };
		FA5BD9042843BABA00BCB89C /* UILabel + Extensions.swift */ = {isa = PBXFileReference; lastKnownFileType = sourcecode.swift; path = "UILabel + Extensions.swift"; sourceTree = "<group>"; };
		FA7D99FB2842D0E50051C6C2 /* Roboto-Medium.ttf */ = {isa = PBXFileReference; lastKnownFileType = file; path = "Roboto-Medium.ttf"; sourceTree = "<group>"; };
		FA7D99FC2842D0E50051C6C2 /* Roboto-Bold.ttf */ = {isa = PBXFileReference; lastKnownFileType = file; path = "Roboto-Bold.ttf"; sourceTree = "<group>"; };
		FA7D99FF2842D2430051C6C2 /* UIView + Extensions.swift */ = {isa = PBXFileReference; lastKnownFileType = sourcecode.swift; path = "UIView + Extensions.swift"; sourceTree = "<group>"; };
		FA7D9A012842D3A60051C6C2 /* UIColor + Extensions.swift */ = {isa = PBXFileReference; lastKnownFileType = sourcecode.swift; path = "UIColor + Extensions.swift"; sourceTree = "<group>"; };
		FA7D9A052842D4E30051C6C2 /* UIFont + Extensions.swift */ = {isa = PBXFileReference; lastKnownFileType = sourcecode.swift; path = "UIFont + Extensions.swift"; sourceTree = "<group>"; };
		FA7D9A082842DEE50051C6C2 /* CalendarCollectionViewCell.swift */ = {isa = PBXFileReference; lastKnownFileType = sourcecode.swift; path = CalendarCollectionViewCell.swift; sourceTree = "<group>"; };
		FA7FCA5C2846155500CEDEA6 /* WorkoutModel.swift */ = {isa = PBXFileReference; lastKnownFileType = sourcecode.swift; path = WorkoutModel.swift; sourceTree = "<group>"; };
		FA7FCA5F2846348900CEDEA6 /* RealmManager.swift */ = {isa = PBXFileReference; lastKnownFileType = sourcecode.swift; path = RealmManager.swift; sourceTree = "<group>"; };
		FA7FCA612847599300CEDEA6 /* Date + Extensions.swift */ = {isa = PBXFileReference; lastKnownFileType = sourcecode.swift; path = "Date + Extensions.swift"; sourceTree = "<group>"; };
		FA9CE86A28446F7600777275 /* MainTabBarController.swift */ = {isa = PBXFileReference; lastKnownFileType = sourcecode.swift; path = MainTabBarController.swift; sourceTree = "<group>"; };
		FA9CE86E284474DA00777275 /* ProfileViewController.swift */ = {isa = PBXFileReference; lastKnownFileType = sourcecode.swift; path = ProfileViewController.swift; sourceTree = "<group>"; };
		FA9CE8702844764300777275 /* NewWorkoutViewController.swift */ = {isa = PBXFileReference; lastKnownFileType = sourcecode.swift; path = NewWorkoutViewController.swift; sourceTree = "<group>"; };
		FA9CE8752845B96A00777275 /* DateAndRepeatView.swift */ = {isa = PBXFileReference; lastKnownFileType = sourcecode.swift; path = DateAndRepeatView.swift; sourceTree = "<group>"; };
		FA9CE8772845B98900777275 /* RepsOrTimerView.swift */ = {isa = PBXFileReference; lastKnownFileType = sourcecode.swift; path = RepsOrTimerView.swift; sourceTree = "<group>"; };
/* End PBXFileReference section */

/* Begin PBXFrameworksBuildPhase section */
		FA4993CB2840FC0D00EAC574 /* Frameworks */ = {
			isa = PBXFrameworksBuildPhase;
			buildActionMask = 2147483647;
			files = (
				FA7FCA5B2846023D00CEDEA6 /* RealmSwift in Frameworks */,
				FA7FCA592846023D00CEDEA6 /* Realm in Frameworks */,
			);
			runOnlyForDeploymentPostprocessing = 0;
		};
/* End PBXFrameworksBuildPhase section */

/* Begin PBXGroup section */
		FA0132322847CF3B00BC7392 /* RepsWorkoutVC */ = {
			isa = PBXGroup;
			children = (
				FA0132342847CF9300BC7392 /* WorkoutParametersView.swift */,
			);
			path = RepsWorkoutVC;
			sourceTree = "<group>";
		};
		FA0132332847CF5700BC7392 /* TimerWorkoutVC */ = {
			isa = PBXGroup;
			children = (
				FA0132362847CFC300BC7392 /* TimerWorkoutParametersView.swift */,
			);
			path = TimerWorkoutVC;
			sourceTree = "<group>";
		};
		FA4993C52840FC0D00EAC574 = {
			isa = PBXGroup;
			children = (
				FA4993D02840FC0E00EAC574 /* FirstApp */,
				FA4993CF2840FC0D00EAC574 /* Products */,
			);
			sourceTree = "<group>";
		};
		FA4993CF2840FC0D00EAC574 /* Products */ = {
			isa = PBXGroup;
			children = (
				FA4993CE2840FC0D00EAC574 /* FirstApp.app */,
			);
			name = Products;
			sourceTree = "<group>";
		};
		FA4993D02840FC0E00EAC574 /* FirstApp */ = {
			isa = PBXGroup;
			children = (
				FA4993E52840FDD400EAC574 /* Application */,
				FA4993E72840FE1A00EAC574 /* Models */,
				FA4993E92841057A00EAC574 /* Views */,
				FA4993E82840FE2C00EAC574 /* Controllers */,
				FA7FCA5E2846344A00CEDEA6 /* Services */,
				FA7D99F92842CF560051C6C2 /* Extensions */,
				FA4993E62840FDF200EAC574 /* Resources */,
			);
			path = FirstApp;
			sourceTree = "<group>";
		};
		FA4993E52840FDD400EAC574 /* Application */ = {
			isa = PBXGroup;
			children = (
				FA4993D12840FC0E00EAC574 /* AppDelegate.swift */,
				FA4993D32840FC0E00EAC574 /* SceneDelegate.swift */,
			);
			path = Application;
			sourceTree = "<group>";
		};
		FA4993E62840FDF200EAC574 /* Resources */ = {
			isa = PBXGroup;
			children = (
				FA7D99F82842CF1C0051C6C2 /* Fonts */,
				FA4993DA2840FC1100EAC574 /* Assets.xcassets */,
				FA4993DC2840FC1100EAC574 /* LaunchScreen.storyboard */,
				FA4993DF2840FC1100EAC574 /* Info.plist */,
			);
			path = Resources;
			sourceTree = "<group>";
		};
		FA4993E72840FE1A00EAC574 /* Models */ = {
			isa = PBXGroup;
			children = (
				FA7FCA5C2846155500CEDEA6 /* WorkoutModel.swift */,
			);
			path = Models;
			sourceTree = "<group>";
		};
		FA4993E82840FE2C00EAC574 /* Controllers */ = {
			isa = PBXGroup;
			children = (
				FA9CE86A28446F7600777275 /* MainTabBarController.swift */,
				FA4993D52840FC0E00EAC574 /* MainViewController.swift */,
				FA5BD8FE28439E7300BCB89C /* StatisticsViewController.swift */,
				FA9CE8702844764300777275 /* NewWorkoutViewController.swift */,
				FA01322E2847CD5400BC7392 /* RepsWorkoutViewController.swift */,
				FA0132302847CE3700BC7392 /* TimerWorkoutViewController.swift */,
				FA9CE86E284474DA00777275 /* ProfileViewController.swift */,
			);
			path = Controllers;
			sourceTree = "<group>";
		};
		FA4993E92841057A00EAC574 /* Views */ = {
			isa = PBXGroup;
			children = (
				FA4993EA284105C700EAC574 /* MainVC */,
				FA5BD9002843A44C00BCB89C /* StatisticsVC */,
				FA0132322847CF3B00BC7392 /* RepsWorkoutVC */,
				FA0132332847CF5700BC7392 /* TimerWorkoutVC */,
				FA9CE87228448D5000777275 /* NewWorkoutVC */,
			);
			path = Views;
			sourceTree = "<group>";
		};
		FA4993EA284105C700EAC574 /* MainVC */ = {
			isa = PBXGroup;
			children = (
				FA7D9A072842DEC20051C6C2 /* Cells */,
				FA4993EB2841062A00EAC574 /* CalendarView.swift */,
				FA4993ED28411C2300EAC574 /* WeatherView.swift */,
			);
			path = MainVC;
			sourceTree = "<group>";
		};
		FA5BD9002843A44C00BCB89C /* StatisticsVC */ = {
			isa = PBXGroup;
			children = (
				FA5BD9012843A46F00BCB89C /* Cell */,
			);
			path = StatisticsVC;
			sourceTree = "<group>";
		};
		FA5BD9012843A46F00BCB89C /* Cell */ = {
			isa = PBXGroup;
			children = (
				FA5BD9022843A4DE00BCB89C /* StatisticTableViewCell.swift */,
			);
			path = Cell;
			sourceTree = "<group>";
		};
		FA7D99F82842CF1C0051C6C2 /* Fonts */ = {
			isa = PBXGroup;
			children = (
				FA7D99FC2842D0E50051C6C2 /* Roboto-Bold.ttf */,
				FA7D99FB2842D0E50051C6C2 /* Roboto-Medium.ttf */,
			);
			path = Fonts;
			sourceTree = "<group>";
		};
		FA7D99F92842CF560051C6C2 /* Extensions */ = {
			isa = PBXGroup;
			children = (
				FA7D99FA2842CF6A0051C6C2 /* UIKit */,
				FA7FCA612847599300CEDEA6 /* Date + Extensions.swift */,
			);
			path = Extensions;
			sourceTree = "<group>";
		};
		FA7D99FA2842CF6A0051C6C2 /* UIKit */ = {
			isa = PBXGroup;
			children = (
				FA7D99FF2842D2430051C6C2 /* UIView + Extensions.swift */,
				FA7D9A012842D3A60051C6C2 /* UIColor + Extensions.swift */,
				FA7D9A052842D4E30051C6C2 /* UIFont + Extensions.swift */,
				FA5BD8FC284394A100BCB89C /* UIStackView + Extensions.swift */,
				FA5BD9042843BABA00BCB89C /* UILabel + Extensions.swift */,
			);
			path = UIKit;
			sourceTree = "<group>";
		};
		FA7D9A072842DEC20051C6C2 /* Cells */ = {
			isa = PBXGroup;
			children = (
				FA7D9A082842DEE50051C6C2 /* CalendarCollectionViewCell.swift */,
				FA5BD8FA28438C9600BCB89C /* WorkoutTableViewCell.swift */,
			);
			path = Cells;
			sourceTree = "<group>";
		};
		FA7FCA5E2846344A00CEDEA6 /* Services */ = {
			isa = PBXGroup;
			children = (
				FA7FCA5F2846348900CEDEA6 /* RealmManager.swift */,
			);
			path = Services;
			sourceTree = "<group>";
		};
		FA9CE87228448D5000777275 /* NewWorkoutVC */ = {
			isa = PBXGroup;
			children = (
				FA9CE8752845B96A00777275 /* DateAndRepeatView.swift */,
				FA9CE8772845B98900777275 /* RepsOrTimerView.swift */,
			);
			path = NewWorkoutVC;
			sourceTree = "<group>";
		};
/* End PBXGroup section */

/* Begin PBXNativeTarget section */
		FA4993CD2840FC0D00EAC574 /* FirstApp */ = {
			isa = PBXNativeTarget;
			buildConfigurationList = FA4993E22840FC1100EAC574 /* Build configuration list for PBXNativeTarget "FirstApp" */;
			buildPhases = (
				FA4993CA2840FC0D00EAC574 /* Sources */,
				FA4993CB2840FC0D00EAC574 /* Frameworks */,
				FA4993CC2840FC0D00EAC574 /* Resources */,
			);
			buildRules = (
			);
			dependencies = (
			);
			name = FirstApp;
			packageProductDependencies = (
				FA7FCA582846023D00CEDEA6 /* Realm */,
				FA7FCA5A2846023D00CEDEA6 /* RealmSwift */,
			);
			productName = FirstApp;
			productReference = FA4993CE2840FC0D00EAC574 /* FirstApp.app */;
			productType = "com.apple.product-type.application";
		};
/* End PBXNativeTarget section */

/* Begin PBXProject section */
		FA4993C62840FC0D00EAC574 /* Project object */ = {
			isa = PBXProject;
			attributes = {
				BuildIndependentTargetsInParallel = 1;
				LastSwiftUpdateCheck = 1340;
				LastUpgradeCheck = 1340;
				TargetAttributes = {
					FA4993CD2840FC0D00EAC574 = {
						CreatedOnToolsVersion = 13.4;
					};
				};
			};
			buildConfigurationList = FA4993C92840FC0D00EAC574 /* Build configuration list for PBXProject "FirstApp" */;
			compatibilityVersion = "Xcode 13.0";
			developmentRegion = en;
			hasScannedForEncodings = 0;
			knownRegions = (
				en,
				Base,
			);
			mainGroup = FA4993C52840FC0D00EAC574;
			packageReferences = (
				FA7FCA572846023D00CEDEA6 /* XCRemoteSwiftPackageReference "realm-swift" */,
			);
			productRefGroup = FA4993CF2840FC0D00EAC574 /* Products */;
			projectDirPath = "";
			projectRoot = "";
			targets = (
				FA4993CD2840FC0D00EAC574 /* FirstApp */,
			);
		};
/* End PBXProject section */

/* Begin PBXResourcesBuildPhase section */
		FA4993CC2840FC0D00EAC574 /* Resources */ = {
			isa = PBXResourcesBuildPhase;
			buildActionMask = 2147483647;
			files = (
				FA4993DE2840FC1100EAC574 /* LaunchScreen.storyboard in Resources */,
				FA4993DB2840FC1100EAC574 /* Assets.xcassets in Resources */,
				FA7D99FE2842D0E50051C6C2 /* Roboto-Bold.ttf in Resources */,
				FA7D99FD2842D0E50051C6C2 /* Roboto-Medium.ttf in Resources */,
			);
			runOnlyForDeploymentPostprocessing = 0;
		};
/* End PBXResourcesBuildPhase section */

/* Begin PBXSourcesBuildPhase section */
		FA4993CA2840FC0D00EAC574 /* Sources */ = {
			isa = PBXSourcesBuildPhase;
			buildActionMask = 2147483647;
			files = (
				FA5BD8FD284394A100BCB89C /* UIStackView + Extensions.swift in Sources */,
				FA7FCA5D2846155500CEDEA6 /* WorkoutModel.swift in Sources */,
				FA4993EE28411C2300EAC574 /* WeatherView.swift in Sources */,
				FA9CE86B28446F7600777275 /* MainTabBarController.swift in Sources */,
				FA4993D62840FC0E00EAC574 /* MainViewController.swift in Sources */,
				FA7FCA602846348900CEDEA6 /* RealmManager.swift in Sources */,
				FA5BD8FF28439E7300BCB89C /* StatisticsViewController.swift in Sources */,
				FA4993D22840FC0E00EAC574 /* AppDelegate.swift in Sources */,
				FA9CE86F284474DA00777275 /* ProfileViewController.swift in Sources */,
				FA0132352847CF9300BC7392 /* WorkoutParametersView.swift in Sources */,
				FA5BD8FB28438C9600BCB89C /* WorkoutTableViewCell.swift in Sources */,
				FA7D9A022842D3A60051C6C2 /* UIColor + Extensions.swift in Sources */,
				FA7D9A062842D4E30051C6C2 /* UIFont + Extensions.swift in Sources */,
				FA0132312847CE3700BC7392 /* TimerWorkoutViewController.swift in Sources */,
				FA9CE8712844764300777275 /* NewWorkoutViewController.swift in Sources */,
				FA4993EC2841062A00EAC574 /* CalendarView.swift in Sources */,
				FA0132372847CFC300BC7392 /* TimerWorkoutParametersView.swift in Sources */,
				FA7D9A092842DEE50051C6C2 /* CalendarCollectionViewCell.swift in Sources */,
				FA7D9A002842D2430051C6C2 /* UIView + Extensions.swift in Sources */,
				FA01322F2847CD5400BC7392 /* RepsWorkoutViewController.swift in Sources */,
				FA4993D42840FC0E00EAC574 /* SceneDelegate.swift in Sources */,
				FA7FCA622847599300CEDEA6 /* Date + Extensions.swift in Sources */,
				FA9CE8762845B96A00777275 /* DateAndRepeatView.swift in Sources */,
				FA5BD9052843BABA00BCB89C /* UILabel + Extensions.swift in Sources */,
				FA5BD9032843A4DE00BCB89C /* StatisticTableViewCell.swift in Sources */,
				FA9CE8782845B98900777275 /* RepsOrTimerView.swift in Sources */,
			);
			runOnlyForDeploymentPostprocessing = 0;
		};
/* End PBXSourcesBuildPhase section */

/* Begin PBXVariantGroup section */
		FA4993DC2840FC1100EAC574 /* LaunchScreen.storyboard */ = {
			isa = PBXVariantGroup;
			children = (
				FA4993DD2840FC1100EAC574 /* Base */,
			);
			name = LaunchScreen.storyboard;
			sourceTree = "<group>";
		};
/* End PBXVariantGroup section */

/* Begin XCBuildConfiguration section */
		FA4993E02840FC1100EAC574 /* Debug */ = {
			isa = XCBuildConfiguration;
			buildSettings = {
				ALWAYS_SEARCH_USER_PATHS = NO;
				CLANG_ANALYZER_NONNULL = YES;
				CLANG_ANALYZER_NUMBER_OBJECT_CONVERSION = YES_AGGRESSIVE;
				CLANG_CXX_LANGUAGE_STANDARD = "gnu++17";
				CLANG_ENABLE_MODULES = YES;
				CLANG_ENABLE_OBJC_ARC = YES;
				CLANG_ENABLE_OBJC_WEAK = YES;
				CLANG_WARN_BLOCK_CAPTURE_AUTORELEASING = YES;
				CLANG_WARN_BOOL_CONVERSION = YES;
				CLANG_WARN_COMMA = YES;
				CLANG_WARN_CONSTANT_CONVERSION = YES;
				CLANG_WARN_DEPRECATED_OBJC_IMPLEMENTATIONS = YES;
				CLANG_WARN_DIRECT_OBJC_ISA_USAGE = YES_ERROR;
				CLANG_WARN_DOCUMENTATION_COMMENTS = YES;
				CLANG_WARN_EMPTY_BODY = YES;
				CLANG_WARN_ENUM_CONVERSION = YES;
				CLANG_WARN_INFINITE_RECURSION = YES;
				CLANG_WARN_INT_CONVERSION = YES;
				CLANG_WARN_NON_LITERAL_NULL_CONVERSION = YES;
				CLANG_WARN_OBJC_IMPLICIT_RETAIN_SELF = YES;
				CLANG_WARN_OBJC_LITERAL_CONVERSION = YES;
				CLANG_WARN_OBJC_ROOT_CLASS = YES_ERROR;
				CLANG_WARN_QUOTED_INCLUDE_IN_FRAMEWORK_HEADER = YES;
				CLANG_WARN_RANGE_LOOP_ANALYSIS = YES;
				CLANG_WARN_STRICT_PROTOTYPES = YES;
				CLANG_WARN_SUSPICIOUS_MOVE = YES;
				CLANG_WARN_UNGUARDED_AVAILABILITY = YES_AGGRESSIVE;
				CLANG_WARN_UNREACHABLE_CODE = YES;
				CLANG_WARN__DUPLICATE_METHOD_MATCH = YES;
				COPY_PHASE_STRIP = NO;
				DEBUG_INFORMATION_FORMAT = dwarf;
				ENABLE_STRICT_OBJC_MSGSEND = YES;
				ENABLE_TESTABILITY = YES;
				GCC_C_LANGUAGE_STANDARD = gnu11;
				GCC_DYNAMIC_NO_PIC = NO;
				GCC_NO_COMMON_BLOCKS = YES;
				GCC_OPTIMIZATION_LEVEL = 0;
				GCC_PREPROCESSOR_DEFINITIONS = (
					"DEBUG=1",
					"$(inherited)",
				);
				GCC_WARN_64_TO_32_BIT_CONVERSION = YES;
				GCC_WARN_ABOUT_RETURN_TYPE = YES_ERROR;
				GCC_WARN_UNDECLARED_SELECTOR = YES;
				GCC_WARN_UNINITIALIZED_AUTOS = YES_AGGRESSIVE;
				GCC_WARN_UNUSED_FUNCTION = YES;
				GCC_WARN_UNUSED_VARIABLE = YES;
				IPHONEOS_DEPLOYMENT_TARGET = 15.5;
				MTL_ENABLE_DEBUG_INFO = INCLUDE_SOURCE;
				MTL_FAST_MATH = YES;
				ONLY_ACTIVE_ARCH = YES;
				SDKROOT = iphoneos;
				SWIFT_ACTIVE_COMPILATION_CONDITIONS = DEBUG;
				SWIFT_OPTIMIZATION_LEVEL = "-Onone";
			};
			name = Debug;
		};
		FA4993E12840FC1100EAC574 /* Release */ = {
			isa = XCBuildConfiguration;
			buildSettings = {
				ALWAYS_SEARCH_USER_PATHS = NO;
				CLANG_ANALYZER_NONNULL = YES;
				CLANG_ANALYZER_NUMBER_OBJECT_CONVERSION = YES_AGGRESSIVE;
				CLANG_CXX_LANGUAGE_STANDARD = "gnu++17";
				CLANG_ENABLE_MODULES = YES;
				CLANG_ENABLE_OBJC_ARC = YES;
				CLANG_ENABLE_OBJC_WEAK = YES;
				CLANG_WARN_BLOCK_CAPTURE_AUTORELEASING = YES;
				CLANG_WARN_BOOL_CONVERSION = YES;
				CLANG_WARN_COMMA = YES;
				CLANG_WARN_CONSTANT_CONVERSION = YES;
				CLANG_WARN_DEPRECATED_OBJC_IMPLEMENTATIONS = YES;
				CLANG_WARN_DIRECT_OBJC_ISA_USAGE = YES_ERROR;
				CLANG_WARN_DOCUMENTATION_COMMENTS = YES;
				CLANG_WARN_EMPTY_BODY = YES;
				CLANG_WARN_ENUM_CONVERSION = YES;
				CLANG_WARN_INFINITE_RECURSION = YES;
				CLANG_WARN_INT_CONVERSION = YES;
				CLANG_WARN_NON_LITERAL_NULL_CONVERSION = YES;
				CLANG_WARN_OBJC_IMPLICIT_RETAIN_SELF = YES;
				CLANG_WARN_OBJC_LITERAL_CONVERSION = YES;
				CLANG_WARN_OBJC_ROOT_CLASS = YES_ERROR;
				CLANG_WARN_QUOTED_INCLUDE_IN_FRAMEWORK_HEADER = YES;
				CLANG_WARN_RANGE_LOOP_ANALYSIS = YES;
				CLANG_WARN_STRICT_PROTOTYPES = YES;
				CLANG_WARN_SUSPICIOUS_MOVE = YES;
				CLANG_WARN_UNGUARDED_AVAILABILITY = YES_AGGRESSIVE;
				CLANG_WARN_UNREACHABLE_CODE = YES;
				CLANG_WARN__DUPLICATE_METHOD_MATCH = YES;
				COPY_PHASE_STRIP = NO;
				DEBUG_INFORMATION_FORMAT = "dwarf-with-dsym";
				ENABLE_NS_ASSERTIONS = NO;
				ENABLE_STRICT_OBJC_MSGSEND = YES;
				GCC_C_LANGUAGE_STANDARD = gnu11;
				GCC_NO_COMMON_BLOCKS = YES;
				GCC_WARN_64_TO_32_BIT_CONVERSION = YES;
				GCC_WARN_ABOUT_RETURN_TYPE = YES_ERROR;
				GCC_WARN_UNDECLARED_SELECTOR = YES;
				GCC_WARN_UNINITIALIZED_AUTOS = YES_AGGRESSIVE;
				GCC_WARN_UNUSED_FUNCTION = YES;
				GCC_WARN_UNUSED_VARIABLE = YES;
				IPHONEOS_DEPLOYMENT_TARGET = 15.5;
				MTL_ENABLE_DEBUG_INFO = NO;
				MTL_FAST_MATH = YES;
				SDKROOT = iphoneos;
				SWIFT_COMPILATION_MODE = wholemodule;
				SWIFT_OPTIMIZATION_LEVEL = "-O";
				VALIDATE_PRODUCT = YES;
			};
			name = Release;
		};
		FA4993E32840FC1100EAC574 /* Debug */ = {
			isa = XCBuildConfiguration;
			buildSettings = {
				ASSETCATALOG_COMPILER_APPICON_NAME = AppIcon;
				ASSETCATALOG_COMPILER_GLOBAL_ACCENT_COLOR_NAME = AccentColor;
				CODE_SIGN_STYLE = Automatic;
				CURRENT_PROJECT_VERSION = 1;
				DEVELOPMENT_TEAM = S9H5A5QY2N;
				GENERATE_INFOPLIST_FILE = YES;
				INFOPLIST_FILE = FirstApp/Resources/Info.plist;
				INFOPLIST_KEY_UIApplicationSupportsIndirectInputEvents = YES;
				INFOPLIST_KEY_UILaunchStoryboardName = LaunchScreen;
				INFOPLIST_KEY_UISupportedInterfaceOrientations = UIInterfaceOrientationPortrait;
				INFOPLIST_KEY_UISupportedInterfaceOrientations_iPad = "UIInterfaceOrientationPortrait UIInterfaceOrientationPortraitUpsideDown UIInterfaceOrientationLandscapeLeft UIInterfaceOrientationLandscapeRight";
				INFOPLIST_KEY_UISupportedInterfaceOrientations_iPhone = "UIInterfaceOrientationPortrait UIInterfaceOrientationLandscapeLeft UIInterfaceOrientationLandscapeRight";
				IPHONEOS_DEPLOYMENT_TARGET = 13.0;
				LD_RUNPATH_SEARCH_PATHS = (
					"$(inherited)",
					"@executable_path/Frameworks",
				);
				MARKETING_VERSION = 1.0;
				PRODUCT_BUNDLE_IDENTIFIER = terentyev.va.FirstApp;
				PRODUCT_NAME = "$(TARGET_NAME)";
				SWIFT_EMIT_LOC_STRINGS = YES;
				SWIFT_VERSION = 5.0;
				TARGETED_DEVICE_FAMILY = 1;
			};
			name = Debug;
		};
		FA4993E42840FC1100EAC574 /* Release */ = {
			isa = XCBuildConfiguration;
			buildSettings = {
				ASSETCATALOG_COMPILER_APPICON_NAME = AppIcon;
				ASSETCATALOG_COMPILER_GLOBAL_ACCENT_COLOR_NAME = AccentColor;
				CODE_SIGN_STYLE = Automatic;
				CURRENT_PROJECT_VERSION = 1;
				DEVELOPMENT_TEAM = S9H5A5QY2N;
				GENERATE_INFOPLIST_FILE = YES;
				INFOPLIST_FILE = FirstApp/Resources/Info.plist;
				INFOPLIST_KEY_UIApplicationSupportsIndirectInputEvents = YES;
				INFOPLIST_KEY_UILaunchStoryboardName = LaunchScreen;
				INFOPLIST_KEY_UISupportedInterfaceOrientations = UIInterfaceOrientationPortrait;
				INFOPLIST_KEY_UISupportedInterfaceOrientations_iPad = "UIInterfaceOrientationPortrait UIInterfaceOrientationPortraitUpsideDown UIInterfaceOrientationLandscapeLeft UIInterfaceOrientationLandscapeRight";
				INFOPLIST_KEY_UISupportedInterfaceOrientations_iPhone = "UIInterfaceOrientationPortrait UIInterfaceOrientationLandscapeLeft UIInterfaceOrientationLandscapeRight";
				IPHONEOS_DEPLOYMENT_TARGET = 13.0;
				LD_RUNPATH_SEARCH_PATHS = (
					"$(inherited)",
					"@executable_path/Frameworks",
				);
				MARKETING_VERSION = 1.0;
				PRODUCT_BUNDLE_IDENTIFIER = terentyev.va.FirstApp;
				PRODUCT_NAME = "$(TARGET_NAME)";
				SWIFT_EMIT_LOC_STRINGS = YES;
				SWIFT_VERSION = 5.0;
				TARGETED_DEVICE_FAMILY = 1;
			};
			name = Release;
		};
/* End XCBuildConfiguration section */

/* Begin XCConfigurationList section */
		FA4993C92840FC0D00EAC574 /* Build configuration list for PBXProject "FirstApp" */ = {
			isa = XCConfigurationList;
			buildConfigurations = (
				FA4993E02840FC1100EAC574 /* Debug */,
				FA4993E12840FC1100EAC574 /* Release */,
			);
			defaultConfigurationIsVisible = 0;
			defaultConfigurationName = Release;
		};
		FA4993E22840FC1100EAC574 /* Build configuration list for PBXNativeTarget "FirstApp" */ = {
			isa = XCConfigurationList;
			buildConfigurations = (
				FA4993E32840FC1100EAC574 /* Debug */,
				FA4993E42840FC1100EAC574 /* Release */,
			);
			defaultConfigurationIsVisible = 0;
			defaultConfigurationName = Release;
		};
/* End XCConfigurationList section */

/* Begin XCRemoteSwiftPackageReference section */
		FA7FCA572846023D00CEDEA6 /* XCRemoteSwiftPackageReference "realm-swift" */ = {
			isa = XCRemoteSwiftPackageReference;
			repositoryURL = "https://github.com/realm/realm-swift.git";
			requirement = {
				branch = master;
				kind = branch;
			};
		};
/* End XCRemoteSwiftPackageReference section */

/* Begin XCSwiftPackageProductDependency section */
		FA7FCA582846023D00CEDEA6 /* Realm */ = {
			isa = XCSwiftPackageProductDependency;
			package = FA7FCA572846023D00CEDEA6 /* XCRemoteSwiftPackageReference "realm-swift" */;
			productName = Realm;
		};
		FA7FCA5A2846023D00CEDEA6 /* RealmSwift */ = {
			isa = XCSwiftPackageProductDependency;
			package = FA7FCA572846023D00CEDEA6 /* XCRemoteSwiftPackageReference "realm-swift" */;
			productName = RealmSwift;
		};
/* End XCSwiftPackageProductDependency section */
	};
	rootObject = FA4993C62840FC0D00EAC574 /* Project object */;
}
